
Microsoft Visual Studio Solution File, Format Version 12.00
# Visual Studio Version 17
VisualStudioVersion = 17.4.32804.182
MinimumVisualStudioVersion = 10.0.40219.1
Project("{2150E333-8FDC-42A3-9474-1A3956D46DE8}") = "IdentityServer", "IdentityServer", "{A19F2523-C2E4-4047-9E66-04CAA717E981}"
EndProject
Project("{2150E333-8FDC-42A3-9474-1A3956D46DE8}") = "Clients", "Clients", "{DC322FF2-2A08-4DAD-9462-F42A6FF51D0F}"
EndProject
Project("{9A19103F-16F7-4668-BE54-9A1E7A4F7556}") = "PrefeituraBrasil.IdentityServer", "IdentityServer\IdentityServer\PrefeituraBrasil.IdentityServer.csproj", "{37D839C9-CE51-4744-AF4D-E084AC470988}"
EndProject
Project("{2150E333-8FDC-42A3-9474-1A3956D46DE8}") = "API", "API", "{5575542A-07D4-4931-9D27-AF199F12CB41}"
EndProject
Project("{9A19103F-16F7-4668-BE54-9A1E7A4F7556}") = "PrefeituraBrasil.IdentityServer.Api", "Clients\Api\PrefeituraBrasil.IdentityServer.Api.csproj", "{510DC612-785B-49EA-9799-EB21FA550CA2}"
EndProject
Project("{2150E333-8FDC-42A3-9474-1A3956D46DE8}") = "BlazorWASM", "BlazorWASM", "{87D7F682-F45D-43AD-8257-A4BC359F8BFB}"
EndProject
Project("{9A19103F-16F7-4668-BE54-9A1E7A4F7556}") = "BlazorWASM.Shared", "Clients\BlazorWASM\Shared\BlazorWASM.Shared.csproj", "{B1A00E41-FDEC-4739-91E3-4964A5D212DA}"
EndProject
Project("{9A19103F-16F7-4668-BE54-9A1E7A4F7556}") = "BlazorWASM.Server", "Clients\BlazorWASM\Server\BlazorWASM.Server.csproj", "{74FDEA7D-08C0-48E8-B51A-27FF8F8DFAFE}"
EndProject
Project("{9A19103F-16F7-4668-BE54-9A1E7A4F7556}") = "BlazorWASM.Client", "Clients\BlazorWASM\Client\BlazorWASM.Client.csproj", "{2CEE30B1-5BAD-4BAB-B513-0217EC878FE4}"
EndProject
Project("{2150E333-8FDC-42A3-9474-1A3956D46DE8}") = "Console", "Console", "{3ADC6E34-5DB7-4EF4-8D58-C11AA29882E7}"
EndProject
Project("{9A19103F-16F7-4668-BE54-9A1E7A4F7556}") = "PrefeituraBrasil.IdentityServer.ConsoleClient", "Clients\ConsoleClient\PrefeituraBrasil.IdentityServer.ConsoleClient.csproj", "{01E5AA5E-7542-4388-88AA-844E7DF16387}"
EndProject
Project("{2150E333-8FDC-42A3-9474-1A3956D46DE8}") = "JS", "JS", "{CB058528-599F-44AB-9A44-26A75153E6DA}"
EndProject
Project("{9A19103F-16F7-4668-BE54-9A1E7A4F7556}") = "PrefeituraBrasil.IdentityServer.JSClient", "Clients\JSClient\JSClient\PrefeituraBrasil.IdentityServer.JSClient.csproj", "{69D4BF59-14E9-4F58-8096-6E83690638E8}"
EndProject
Project("{2150E333-8FDC-42A3-9474-1A3956D46DE8}") = "JS_BFF", "JS_BFF", "{64334E7A-F398-4B1F-A8A9-92B7CD42CB56}"
EndProject
Project("{9A19103F-16F7-4668-BE54-9A1E7A4F7556}") = "PrefeituraBrasil.IdentityServer.JSClient_BFF", "Clients\JSClient_BFF\JSClient_BFF\PrefeituraBrasil.IdentityServer.JSClient_BFF.csproj", "{0FBD1DB6-9D1E-4A3B-89A0-B213609F5633}"
EndProject
Project("{2150E333-8FDC-42A3-9474-1A3956D46DE8}") = "Web", "Web", "{66564ED9-4AFE-49D2-ADC5-22B27F967423}"
EndProject
Project("{9A19103F-16F7-4668-BE54-9A1E7A4F7556}") = "PrefeituraBrasil.IdentityServer.WebClient", "Clients\WebClient\PrefeituraBrasil.IdentityServer.WebClient.csproj", "{05017431-F5CC-4FB2-9CD9-D46A6A7ED4C4}"
EndProject
Global
	GlobalSection(SolutionConfigurationPlatforms) = preSolution
		Debug|Any CPU = Debug|Any CPU
		Release|Any CPU = Release|Any CPU
	EndGlobalSection
	GlobalSection(ProjectConfigurationPlatforms) = postSolution
		{37D839C9-CE51-4744-AF4D-E084AC470988}.Debug|Any CPU.ActiveCfg = Debug|Any CPU
		{37D839C9-CE51-4744-AF4D-E084AC470988}.Debug|Any CPU.Build.0 = Debug|Any CPU
		{37D839C9-CE51-4744-AF4D-E084AC470988}.Release|Any CPU.ActiveCfg = Release|Any CPU
		{37D839C9-CE51-4744-AF4D-E084AC470988}.Release|Any CPU.Build.0 = Release|Any CPU
		{510DC612-785B-49EA-9799-EB21FA550CA2}.Debug|Any CPU.ActiveCfg = Debug|Any CPU
		{510DC612-785B-49EA-9799-EB21FA550CA2}.Debug|Any CPU.Build.0 = Debug|Any CPU
		{510DC612-785B-49EA-9799-EB21FA550CA2}.Release|Any CPU.ActiveCfg = Release|Any CPU
		{510DC612-785B-49EA-9799-EB21FA550CA2}.Release|Any CPU.Build.0 = Release|Any CPU
		{B1A00E41-FDEC-4739-91E3-4964A5D212DA}.Debug|Any CPU.ActiveCfg = Debug|Any CPU
		{B1A00E41-FDEC-4739-91E3-4964A5D212DA}.Debug|Any CPU.Build.0 = Debug|Any CPU
		{B1A00E41-FDEC-4739-91E3-4964A5D212DA}.Release|Any CPU.ActiveCfg = Release|Any CPU
		{B1A00E41-FDEC-4739-91E3-4964A5D212DA}.Release|Any CPU.Build.0 = Release|Any CPU
		{74FDEA7D-08C0-48E8-B51A-27FF8F8DFAFE}.Debug|Any CPU.ActiveCfg = Debug|Any CPU
		{74FDEA7D-08C0-48E8-B51A-27FF8F8DFAFE}.Debug|Any CPU.Build.0 = Debug|Any CPU
		{74FDEA7D-08C0-48E8-B51A-27FF8F8DFAFE}.Release|Any CPU.ActiveCfg = Release|Any CPU
		{74FDEA7D-08C0-48E8-B51A-27FF8F8DFAFE}.Release|Any CPU.Build.0 = Release|Any CPU
		{2CEE30B1-5BAD-4BAB-B513-0217EC878FE4}.Debug|Any CPU.ActiveCfg = Debug|Any CPU
		{2CEE30B1-5BAD-4BAB-B513-0217EC878FE4}.Debug|Any CPU.Build.0 = Debug|Any CPU
		{2CEE30B1-5BAD-4BAB-B513-0217EC878FE4}.Release|Any CPU.ActiveCfg = Release|Any CPU
		{2CEE30B1-5BAD-4BAB-B513-0217EC878FE4}.Release|Any CPU.Build.0 = Release|Any CPU
		{01E5AA5E-7542-4388-88AA-844E7DF16387}.Debug|Any CPU.ActiveCfg = Debug|Any CPU
		{01E5AA5E-7542-4388-88AA-844E7DF16387}.Debug|Any CPU.Build.0 = Debug|Any CPU
		{01E5AA5E-7542-4388-88AA-844E7DF16387}.Release|Any CPU.ActiveCfg = Release|Any CPU
		{01E5AA5E-7542-4388-88AA-844E7DF16387}.Release|Any CPU.Build.0 = Release|Any CPU
		{69D4BF59-14E9-4F58-8096-6E83690638E8}.Debug|Any CPU.ActiveCfg = Debug|Any CPU
		{69D4BF59-14E9-4F58-8096-6E83690638E8}.Debug|Any CPU.Build.0 = Debug|Any CPU
		{69D4BF59-14E9-4F58-8096-6E83690638E8}.Release|Any CPU.ActiveCfg = Release|Any CPU
		{69D4BF59-14E9-4F58-8096-6E83690638E8}.Release|Any CPU.Build.0 = Release|Any CPU
		{0FBD1DB6-9D1E-4A3B-89A0-B213609F5633}.Debug|Any CPU.ActiveCfg = Debug|Any CPU
		{0FBD1DB6-9D1E-4A3B-89A0-B213609F5633}.Debug|Any CPU.Build.0 = Debug|Any CPU
		{0FBD1DB6-9D1E-4A3B-89A0-B213609F5633}.Release|Any CPU.ActiveCfg = Release|Any CPU
		{0FBD1DB6-9D1E-4A3B-89A0-B213609F5633}.Release|Any CPU.Build.0 = Release|Any CPU
		{05017431-F5CC-4FB2-9CD9-D46A6A7ED4C4}.Debug|Any CPU.ActiveCfg = Debug|Any CPU
		{05017431-F5CC-4FB2-9CD9-D46A6A7ED4C4}.Debug|Any CPU.Build.0 = Debug|Any CPU
		{05017431-F5CC-4FB2-9CD9-D46A6A7ED4C4}.Release|Any CPU.ActiveCfg = Release|Any CPU
		{05017431-F5CC-4FB2-9CD9-D46A6A7ED4C4}.Release|Any CPU.Build.0 = Release|Any CPU
	EndGlobalSection
	GlobalSection(SolutionProperties) = preSolution
		HideSolutionNode = FALSE
	EndGlobalSection
	GlobalSection(NestedProjects) = preSolution
		{37D839C9-CE51-4744-AF4D-E084AC470988} = {A19F2523-C2E4-4047-9E66-04CAA717E981}
		{510DC612-785B-49EA-9799-EB21FA550CA2} = {5575542A-07D4-4931-9D27-AF199F12CB41}
		{87D7F682-F45D-43AD-8257-A4BC359F8BFB} = {DC322FF2-2A08-4DAD-9462-F42A6FF51D0F}
		{B1A00E41-FDEC-4739-91E3-4964A5D212DA} = {87D7F682-F45D-43AD-8257-A4BC359F8BFB}
		{74FDEA7D-08C0-48E8-B51A-27FF8F8DFAFE} = {87D7F682-F45D-43AD-8257-A4BC359F8BFB}
		{2CEE30B1-5BAD-4BAB-B513-0217EC878FE4} = {87D7F682-F45D-43AD-8257-A4BC359F8BFB}
		{3ADC6E34-5DB7-4EF4-8D58-C11AA29882E7} = {DC322FF2-2A08-4DAD-9462-F42A6FF51D0F}
		{01E5AA5E-7542-4388-88AA-844E7DF16387} = {3ADC6E34-5DB7-4EF4-8D58-C11AA29882E7}
		{CB058528-599F-44AB-9A44-26A75153E6DA} = {DC322FF2-2A08-4DAD-9462-F42A6FF51D0F}
		{69D4BF59-14E9-4F58-8096-6E83690638E8} = {CB058528-599F-44AB-9A44-26A75153E6DA}
		{64334E7A-F398-4B1F-A8A9-92B7CD42CB56} = {DC322FF2-2A08-4DAD-9462-F42A6FF51D0F}
		{0FBD1DB6-9D1E-4A3B-89A0-B213609F5633} = {64334E7A-F398-4B1F-A8A9-92B7CD42CB56}
		{66564ED9-4AFE-49D2-ADC5-22B27F967423} = {DC322FF2-2A08-4DAD-9462-F42A6FF51D0F}
		{05017431-F5CC-4FB2-9CD9-D46A6A7ED4C4} = {66564ED9-4AFE-49D2-ADC5-22B27F967423}
	EndGlobalSection
	GlobalSection(ExtensibilityGlobals) = postSolution
		SolutionGuid = {12671418-C37A-4F8E-A366-EF13185312E7}
	EndGlobalSection
EndGlobal
